
Microsoft Visual Studio Solution File, Format Version 12.00
Project("{FAE04EC0-301F-11D3-BF4B-00C04F79EFBC}") = "SpecFlowCalculator", "SpecFlowCalculator\SpecFlowCalculator.csproj", "{52EEA134-AF52-4C1B-9161-4CA4B57A22BA}"
EndProject
Project("{FAE04EC0-301F-11D3-BF4B-00C04F79EFBC}") = "SpecFlowCalculator.Specs", "SpecFlowCalculator.Specs\SpecFlowCalculator.Specs.csproj", "{E29BD16F-B880-4FEB-AA58-E5DA18038442}"
EndProject
Global
	GlobalSection(SolutionConfigurationPlatforms) = preSolution
		Debug|Any CPU = Debug|Any CPU
		Release|Any CPU = Release|Any CPU
	EndGlobalSection
	GlobalSection(ProjectConfigurationPlatforms) = postSolution
		{52EEA134-AF52-4C1B-9161-4CA4B57A22BA}.Debug|Any CPU.ActiveCfg = Debug|Any CPU
		{52EEA134-AF52-4C1B-9161-4CA4B57A22BA}.Debug|Any CPU.Build.0 = Debug|Any CPU
		{52EEA134-AF52-4C1B-9161-4CA4B57A22BA}.Release|Any CPU.ActiveCfg = Release|Any CPU
		{52EEA134-AF52-4C1B-9161-4CA4B57A22BA}.Release|Any CPU.Build.0 = Release|Any CPU
		{E29BD16F-B880-4FEB-AA58-E5DA18038442}.Debug|Any CPU.ActiveCfg = Debug|Any CPU
		{E29BD16F-B880-4FEB-AA58-E5DA18038442}.Debug|Any CPU.Build.0 = Debug|Any CPU
		{E29BD16F-B880-4FEB-AA58-E5DA18038442}.Release|Any CPU.ActiveCfg = Release|Any CPU
		{E29BD16F-B880-4FEB-AA58-E5DA18038442}.Release|Any CPU.Build.0 = Release|Any CPU
	EndGlobalSection
EndGlobal
